# @generated - this file is auto-generated by `mise lock` https://mise.jdx.dev/dev-tools/mise-lock.html

[[tools.actionlint]]
version = "1.7.12"
backend = "aqua:rhysd/actionlint"

[[tools.bat]]
version = "0.26.1"
backend = "aqua:sharkdp/bat"

[[tools.bottom]]
version = "0.14.9"
backend = "aqua:ClementTsang/bottom"

[[tools.claude-code]]
version = "2.1.251"
backend = "aqua:anthropics/claude-code"

[[tools.codex]]
version = "0.151.0"
backend = "aqua:openai/codex"

[[tools.delta]]
version = "0.19.2"
backend = "aqua:dandavison/delta"

[[tools.direnv]]
version = "2.37.1"
backend = "aqua:direnv/direnv"

[[tools.eza]]
version = "0.23.5"
backend = "vfox:eza"

[[tools.fd]]
version = "10.5.0"
backend = "aqua:sharkdp/fd"

[[tools.fzf]]
version = "0.74.3"
backend = "aqua:junegunn/fzf"

[[tools.gh]]
version = "2.98.0"
backend = "aqua:cli/cli"

[[tools.git-town]]
version = "24.0.0"
backend = "aqua:git-town/git-town"

[[tools."github:achristmascarl/rainfrog"]]
version = "0.4.5"
backend = "github:achristmascarl/rainfrog"

[[tools.helix]]
version = "25.07.1"
backend = "aqua:helix-editor/helix"

[[tools.jq]]
version = "1.8.2"
backend = "aqua:jqlang/jq"

[[tools.just]]
version = "1.46.0"
backend = "aqua:casey/just"

[[tools.k9s]]
version = "0.51.0"
backend = "aqua:derailed/k9s"

[[tools.lazydocker]]
version = "0.24.4"
backend = "aqua:jesseduffield/lazydocker"

[[tools.neovim]]
version = "0.12.5"
backend = "vfox:mise-plugins/vfox-neovim"

[[tools.node]]
version = "24.14.0"
backend = "core:node"

[[tools."npm:@earendil-works/pi-coding-agent"]]
version = "0.84.2"
backend = "npm:@earendil-works/pi-coding-agent"

[[tools."npm:@fsouza/prettierd"]]
version = "0.28.0"
backend = "npm:@fsouza/prettierd"

[[tools."npm:markdownlint-cli2"]]
version = "0.22.1"
backend = "npm:markdownlint-cli2"

[[tools.python]]
version = "3.12.13"
backend = "core:python"

[[tools.ripgrep]]
version = "15.2.0"
backend = "aqua:BurntSushi/ripgrep"

[[tools.shellcheck]]
version = "0.11.0"
backend = "aqua:koalaman/shellcheck"

[[tools.starship]]
version = "1.26.0"
backend = "aqua:starship/starship"

[[tools.uv]]
version = "0.11.15"
backend = "aqua:astral-sh/uv"

[[tools.zellij]]
version = "0.45.1"
backend = "aqua:zellij-org/zellij"

[[tools.zoxide]]
version = "0.10.0"
backend = "aqua:ajeetdsouza/zoxide"
